
Microsoft Visual Studio Solution File, Format Version 12.00
# Visual Studio Version 17
VisualStudioVersion = 17.0.32014.148
MinimumVisualStudioVersion = 10.0.40219.1
Project("{9A19103F-16F7-4668-BE54-9A1E7A4F7556}") = "EnglishApiClient", "EnglishApiClient\EnglishApiClient.csproj", "{19412C5C-8032-43AD-AF24-5068C44BE995}"
EndProject
Project("{9A19103F-16F7-4668-BE54-9A1E7A4F7556}") = "Models", "Models\Models.csproj", "{B5AF6958-F147-4F3F-83B5-6277D421F904}"
EndProject
Global
	GlobalSection(SolutionConfigurationPlatforms) = preSolution
		Debug|Any CPU = Debug|Any CPU
		Release|Any CPU = Release|Any CPU
	EndGlobalSection
	GlobalSection(ProjectConfigurationPlatforms) = postSolution
		{19412C5C-8032-43AD-AF24-5068C44BE995}.Debug|Any CPU.ActiveCfg = Debug|Any CPU
		{19412C5C-8032-43AD-AF24-5068C44BE995}.Debug|Any CPU.Build.0 = Debug|Any CPU
		{19412C5C-8032-43AD-AF24-5068C44BE995}.Release|Any CPU.ActiveCfg = Release|Any CPU
		{19412C5C-8032-43AD-AF24-5068C44BE995}.Release|Any CPU.Build.0 = Release|Any CPU
		{B5AF6958-F147-4F3F-83B5-6277D421F904}.Debug|Any CPU.ActiveCfg = Debug|Any CPU
		{B5AF6958-F147-4F3F-83B5-6277D421F904}.Debug|Any CPU.Build.0 = Debug|Any CPU
		{B5AF6958-F147-4F3F-83B5-6277D421F904}.Release|Any CPU.ActiveCfg = Release|Any CPU
		{B5AF6958-F147-4F3F-83B5-6277D421F904}.Release|Any CPU.Build.0 = Release|Any CPU
	EndGlobalSection
	GlobalSection(SolutionProperties) = preSolution
		HideSolutionNode = FALSE
	EndGlobalSection
	GlobalSection(ExtensibilityGlobals) = postSolution
		SolutionGuid = {C400F741-441F-49C2-8066-E06BD81F8A56}
	EndGlobalSection
EndGlobal
